
Microsoft Visual Studio Solution File, Format Version 12.00
# Visual Studio 15
VisualStudioVersion = 15.0.28307.421
MinimumVisualStudioVersion = 10.0.40219.1
Project("{FAE04EC0-301F-11D3-BF4B-00C04F79EFBC}") = "CityWeather.Specs", "CityWeather.Specs\CityWeather.Specs.csproj", "{37A1CADF-81CD-45DC-B369-9882EA9A55B8}"
EndProject
Project("{FAE04EC0-301F-11D3-BF4B-00C04F79EFBC}") = "CityWeather.Api", "CityWeather.Api\CityWeather.Api.csproj", "{48E8E121-6E55-482B-ABD7-2D9F5811660B}"
EndProject
Project("{FAE04EC0-301F-11D3-BF4B-00C04F79EFBC}") = "CityWeather.Api.Tests", "CityWeather.Api.Tests\CityWeather.Api.Tests.csproj", "{CB63E59E-6E24-4D7F-B5BA-FFCE38C086A6}"
EndProject
Project("{FAE04EC0-301F-11D3-BF4B-00C04F79EFBC}") = "CityWeather.Data", "CityWeather.Data\CityWeather.Data.csproj", "{3A035E8C-2923-4DBB-8C28-4D416BC15F05}"
EndProject
Project("{FAE04EC0-301F-11D3-BF4B-00C04F79EFBC}") = "CityWeather.Data.Contracts", "CityWeather.Data.Contracts\CityWeather.Data.Contracts.csproj", "{A3641871-D016-4EAD-8DAA-CFF6BB00DF3D}"
EndProject
Project("{2150E333-8FDC-42A3-9474-1A3956D46DE8}") = "Data", "Data", "{20F9BD98-D9FC-4498-9912-3D8C7C333DDC}"
EndProject
Project("{2150E333-8FDC-42A3-9474-1A3956D46DE8}") = "Domain", "Domain", "{971721C5-E5A0-4BB6-95CC-8E3371F9041D}"
EndProject
Project("{2150E333-8FDC-42A3-9474-1A3956D46DE8}") = "Api", "Api", "{9BBA9CC1-C277-4C81-A1CF-E819872CE908}"
EndProject
Project("{2150E333-8FDC-42A3-9474-1A3956D46DE8}") = "Specifications", "Specifications", "{27ED783E-6AEE-4D11-B0E8-715DBDBD782D}"
EndProject
Project("{FAE04EC0-301F-11D3-BF4B-00C04F79EFBC}") = "CityWeather.Data.Models", "CityWeather.Data.Models\CityWeather.Data.Models.csproj", "{647A5DF2-57CB-472C-8242-6207EA39E6A6}"
EndProject
Project("{FAE04EC0-301F-11D3-BF4B-00C04F79EFBC}") = "CityWeather.Data.Tests", "CityWeather.Data.Tests\CityWeather.Data.Tests.csproj", "{A3E57E19-21A4-49DA-9453-54FBAD99EE4D}"
EndProject
Project("{FAE04EC0-301F-11D3-BF4B-00C04F79EFBC}") = "CityWeather.Domain", "CityWeather.Domain\CityWeather.Domain.csproj", "{FEF98203-8648-48A7-BACE-8C7364F468A3}"
EndProject
Project("{FAE04EC0-301F-11D3-BF4B-00C04F79EFBC}") = "CityWeather.Domain.Contracts", "CityWeather.Domain.Contracts\CityWeather.Domain.Contracts.csproj", "{958C598B-A818-42F9-83C6-DFD764A2554B}"
EndProject
Project("{FAE04EC0-301F-11D3-BF4B-00C04F79EFBC}") = "CityWeather.Domain.Tests", "CityWeather.Domain.Tests\CityWeather.Domain.Tests.csproj", "{62EADD9B-D963-44AE-9FC5-2D4FFE61BEFE}"
EndProject
Project("{FAE04EC0-301F-11D3-BF4B-00C04F79EFBC}") = "CityWeather.Domain.Models", "CityWeather.Domain.Models\CityWeather.Domain.Models.csproj", "{6788B23A-9EC6-48DD-9431-23357E757D20}"
EndProject
Project("{FAE04EC0-301F-11D3-BF4B-00C04F79EFBC}") = "CityWeather.Common.Mappings", "CityWeather.Data.Mappings\CityWeather.Common.Mappings.csproj", "{8FD3981F-530C-4721-B5F1-576971075DA9}"
EndProject
Project("{FAE04EC0-301F-11D3-BF4B-00C04F79EFBC}") = "CityWeather.Api.Models", "CityWeather.Api.Models\CityWeather.Api.Models.csproj", "{8FB46B00-8E8D-4AFC-8992-329D6E283CA5}"
EndProject
Project("{2150E333-8FDC-42A3-9474-1A3956D46DE8}") = "Common", "Common", "{E762F5E7-0323-4066-ACB1-9E06DAB92F0F}"
EndProject
Project("{2150E333-8FDC-42A3-9474-1A3956D46DE8}") = "Tests", "Tests", "{37D2ABE1-5C51-489C-85E8-FA3F6B01ABB5}"
EndProject
Project("{FAE04EC0-301F-11D3-BF4B-00C04F79EFBC}") = "CityWeather.Common.Settings", "CityWeather.Common.Settings\CityWeather.Common.Settings.csproj", "{03445D0D-A27E-412F-B912-4BAE2362AE0D}"
EndProject
Project("{FAE04EC0-301F-11D3-BF4B-00C04F79EFBC}") = "RestCountries.Models", "RestCountries.Models\RestCountries.Models.csproj", "{76ECD6B6-31BF-49F5-B3F2-D73D1C40766C}"
EndProject
Project("{FAE04EC0-301F-11D3-BF4B-00C04F79EFBC}") = "RestCountries.Domain", "RestCountries.Api\RestCountries.Domain.csproj", "{06BB78B4-F5E8-4DD5-A3C7-1A8164C98D6B}"
EndProject
Project("{2150E333-8FDC-42A3-9474-1A3956D46DE8}") = "Solution Items", "Solution Items", "{A2F00B29-E27A-4C60-AF52-62ECEDB83A85}"
EndProject
Project("{FAE04EC0-301F-11D3-BF4B-00C04F79EFBC}") = "RestServices.Domain", "RestServices\RestServices.Domain.csproj", "{C46E63B1-04D5-497C-B484-F9BE9906DE21}"
EndProject
Project("{FAE04EC0-301F-11D3-BF4B-00C04F79EFBC}") = "RestWeather.Domain", "RestWeather.Domain\RestWeather.Domain.csproj", "{A7A06911-1C9D-486B-9862-069B6C3F9668}"
EndProject
Project("{FAE04EC0-301F-11D3-BF4B-00C04F79EFBC}") = "RestWeather.Models", "RestWeather.Models\RestWeather.Models.csproj", "{4C7472E4-E666-4E60-9C52-CEC99DCA58DE}"
EndProject
Project("{FAE04EC0-301F-11D3-BF4B-00C04F79EFBC}") = "RestServices.Domain.Contracts", "RestServices.Contracts\RestServices.Domain.Contracts.csproj", "{2AB08275-D5AA-4C81-8941-A0A6A82D5B70}"
EndProject
Global
	GlobalSection(SolutionConfigurationPlatforms) = preSolution
		Debug|Any CPU = Debug|Any CPU
		Release|Any CPU = Release|Any CPU
	EndGlobalSection
	GlobalSection(ProjectConfigurationPlatforms) = postSolution
		{37A1CADF-81CD-45DC-B369-9882EA9A55B8}.Debug|Any CPU.ActiveCfg = Debug|Any CPU
		{37A1CADF-81CD-45DC-B369-9882EA9A55B8}.Debug|Any CPU.Build.0 = Debug|Any CPU
		{37A1CADF-81CD-45DC-B369-9882EA9A55B8}.Release|Any CPU.ActiveCfg = Release|Any CPU
		{37A1CADF-81CD-45DC-B369-9882EA9A55B8}.Release|Any CPU.Build.0 = Release|Any CPU
		{48E8E121-6E55-482B-ABD7-2D9F5811660B}.Debug|Any CPU.ActiveCfg = Debug|Any CPU
		{48E8E121-6E55-482B-ABD7-2D9F5811660B}.Debug|Any CPU.Build.0 = Debug|Any CPU
		{48E8E121-6E55-482B-ABD7-2D9F5811660B}.Release|Any CPU.ActiveCfg = Release|Any CPU
		{48E8E121-6E55-482B-ABD7-2D9F5811660B}.Release|Any CPU.Build.0 = Release|Any CPU
		{CB63E59E-6E24-4D7F-B5BA-FFCE38C086A6}.Debug|Any CPU.ActiveCfg = Debug|Any CPU
		{CB63E59E-6E24-4D7F-B5BA-FFCE38C086A6}.Debug|Any CPU.Build.0 = Debug|Any CPU
		{CB63E59E-6E24-4D7F-B5BA-FFCE38C086A6}.Release|Any CPU.ActiveCfg = Release|Any CPU
		{CB63E59E-6E24-4D7F-B5BA-FFCE38C086A6}.Release|Any CPU.Build.0 = Release|Any CPU
		{3A035E8C-2923-4DBB-8C28-4D416BC15F05}.Debug|Any CPU.ActiveCfg = Debug|Any CPU
		{3A035E8C-2923-4DBB-8C28-4D416BC15F05}.Debug|Any CPU.Build.0 = Debug|Any CPU
		{3A035E8C-2923-4DBB-8C28-4D416BC15F05}.Release|Any CPU.ActiveCfg = Release|Any CPU
		{3A035E8C-2923-4DBB-8C28-4D416BC15F05}.Release|Any CPU.Build.0 = Release|Any CPU
		{A3641871-D016-4EAD-8DAA-CFF6BB00DF3D}.Debug|Any CPU.ActiveCfg = Debug|Any CPU
		{A3641871-D016-4EAD-8DAA-CFF6BB00DF3D}.Debug|Any CPU.Build.0 = Debug|Any CPU
		{A3641871-D016-4EAD-8DAA-CFF6BB00DF3D}.Release|Any CPU.ActiveCfg = Release|Any CPU
		{A3641871-D016-4EAD-8DAA-CFF6BB00DF3D}.Release|Any CPU.Build.0 = Release|Any CPU
		{647A5DF2-57CB-472C-8242-6207EA39E6A6}.Debug|Any CPU.ActiveCfg = Debug|Any CPU
		{647A5DF2-57CB-472C-8242-6207EA39E6A6}.Debug|Any CPU.Build.0 = Debug|Any CPU
		{647A5DF2-57CB-472C-8242-6207EA39E6A6}.Release|Any CPU.ActiveCfg = Release|Any CPU
		{647A5DF2-57CB-472C-8242-6207EA39E6A6}.Release|Any CPU.Build.0 = Release|Any CPU
		{A3E57E19-21A4-49DA-9453-54FBAD99EE4D}.Debug|Any CPU.ActiveCfg = Debug|Any CPU
		{A3E57E19-21A4-49DA-9453-54FBAD99EE4D}.Debug|Any CPU.Build.0 = Debug|Any CPU
		{A3E57E19-21A4-49DA-9453-54FBAD99EE4D}.Release|Any CPU.ActiveCfg = Release|Any CPU
		{A3E57E19-21A4-49DA-9453-54FBAD99EE4D}.Release|Any CPU.Build.0 = Release|Any CPU
		{FEF98203-8648-48A7-BACE-8C7364F468A3}.Debug|Any CPU.ActiveCfg = Debug|Any CPU
		{FEF98203-8648-48A7-BACE-8C7364F468A3}.Debug|Any CPU.Build.0 = Debug|Any CPU
		{FEF98203-8648-48A7-BACE-8C7364F468A3}.Release|Any CPU.ActiveCfg = Release|Any CPU
		{FEF98203-8648-48A7-BACE-8C7364F468A3}.Release|Any CPU.Build.0 = Release|Any CPU
		{958C598B-A818-42F9-83C6-DFD764A2554B}.Debug|Any CPU.ActiveCfg = Debug|Any CPU
		{958C598B-A818-42F9-83C6-DFD764A2554B}.Debug|Any CPU.Build.0 = Debug|Any CPU
		{958C598B-A818-42F9-83C6-DFD764A2554B}.Release|Any CPU.ActiveCfg = Release|Any CPU
		{958C598B-A818-42F9-83C6-DFD764A2554B}.Release|Any CPU.Build.0 = Release|Any CPU
		{62EADD9B-D963-44AE-9FC5-2D4FFE61BEFE}.Debug|Any CPU.ActiveCfg = Debug|Any CPU
		{62EADD9B-D963-44AE-9FC5-2D4FFE61BEFE}.Debug|Any CPU.Build.0 = Debug|Any CPU
		{62EADD9B-D963-44AE-9FC5-2D4FFE61BEFE}.Release|Any CPU.ActiveCfg = Release|Any CPU
		{62EADD9B-D963-44AE-9FC5-2D4FFE61BEFE}.Release|Any CPU.Build.0 = Release|Any CPU
		{6788B23A-9EC6-48DD-9431-23357E757D20}.Debug|Any CPU.ActiveCfg = Debug|Any CPU
		{6788B23A-9EC6-48DD-9431-23357E757D20}.Debug|Any CPU.Build.0 = Debug|Any CPU
		{6788B23A-9EC6-48DD-9431-23357E757D20}.Release|Any CPU.ActiveCfg = Release|Any CPU
		{6788B23A-9EC6-48DD-9431-23357E757D20}.Release|Any CPU.Build.0 = Release|Any CPU
		{8FD3981F-530C-4721-B5F1-576971075DA9}.Debug|Any CPU.ActiveCfg = Debug|Any CPU
		{8FD3981F-530C-4721-B5F1-576971075DA9}.Debug|Any CPU.Build.0 = Debug|Any CPU
		{8FD3981F-530C-4721-B5F1-576971075DA9}.Release|Any CPU.ActiveCfg = Release|Any CPU
		{8FD3981F-530C-4721-B5F1-576971075DA9}.Release|Any CPU.Build.0 = Release|Any CPU
		{8FB46B00-8E8D-4AFC-8992-329D6E283CA5}.Debug|Any CPU.ActiveCfg = Debug|Any CPU
		{8FB46B00-8E8D-4AFC-8992-329D6E283CA5}.Debug|Any CPU.Build.0 = Debug|Any CPU
		{8FB46B00-8E8D-4AFC-8992-329D6E283CA5}.Release|Any CPU.ActiveCfg = Release|Any CPU
		{8FB46B00-8E8D-4AFC-8992-329D6E283CA5}.Release|Any CPU.Build.0 = Release|Any CPU
		{03445D0D-A27E-412F-B912-4BAE2362AE0D}.Debug|Any CPU.ActiveCfg = Debug|Any CPU
		{03445D0D-A27E-412F-B912-4BAE2362AE0D}.Debug|Any CPU.Build.0 = Debug|Any CPU
		{03445D0D-A27E-412F-B912-4BAE2362AE0D}.Release|Any CPU.ActiveCfg = Release|Any CPU
		{03445D0D-A27E-412F-B912-4BAE2362AE0D}.Release|Any CPU.Build.0 = Release|Any CPU
		{76ECD6B6-31BF-49F5-B3F2-D73D1C40766C}.Debug|Any CPU.ActiveCfg = Debug|Any CPU
		{76ECD6B6-31BF-49F5-B3F2-D73D1C40766C}.Debug|Any CPU.Build.0 = Debug|Any CPU
		{76ECD6B6-31BF-49F5-B3F2-D73D1C40766C}.Release|Any CPU.ActiveCfg = Release|Any CPU
		{76ECD6B6-31BF-49F5-B3F2-D73D1C40766C}.Release|Any CPU.Build.0 = Release|Any CPU
		{06BB78B4-F5E8-4DD5-A3C7-1A8164C98D6B}.Debug|Any CPU.ActiveCfg = Debug|Any CPU
		{06BB78B4-F5E8-4DD5-A3C7-1A8164C98D6B}.Debug|Any CPU.Build.0 = Debug|Any CPU
		{06BB78B4-F5E8-4DD5-A3C7-1A8164C98D6B}.Release|Any CPU.ActiveCfg = Release|Any CPU
		{06BB78B4-F5E8-4DD5-A3C7-1A8164C98D6B}.Release|Any CPU.Build.0 = Release|Any CPU
		{C46E63B1-04D5-497C-B484-F9BE9906DE21}.Debug|Any CPU.ActiveCfg = Debug|Any CPU
		{C46E63B1-04D5-497C-B484-F9BE9906DE21}.Debug|Any CPU.Build.0 = Debug|Any CPU
		{C46E63B1-04D5-497C-B484-F9BE9906DE21}.Release|Any CPU.ActiveCfg = Release|Any CPU
		{C46E63B1-04D5-497C-B484-F9BE9906DE21}.Release|Any CPU.Build.0 = Release|Any CPU
		{A7A06911-1C9D-486B-9862-069B6C3F9668}.Debug|Any CPU.ActiveCfg = Debug|Any CPU
		{A7A06911-1C9D-486B-9862-069B6C3F9668}.Debug|Any CPU.Build.0 = Debug|Any CPU
		{A7A06911-1C9D-486B-9862-069B6C3F9668}.Release|Any CPU.ActiveCfg = Release|Any CPU
		{A7A06911-1C9D-486B-9862-069B6C3F9668}.Release|Any CPU.Build.0 = Release|Any CPU
		{4C7472E4-E666-4E60-9C52-CEC99DCA58DE}.Debug|Any CPU.ActiveCfg = Debug|Any CPU
		{4C7472E4-E666-4E60-9C52-CEC99DCA58DE}.Debug|Any CPU.Build.0 = Debug|Any CPU
		{4C7472E4-E666-4E60-9C52-CEC99DCA58DE}.Release|Any CPU.ActiveCfg = Release|Any CPU
		{4C7472E4-E666-4E60-9C52-CEC99DCA58DE}.Release|Any CPU.Build.0 = Release|Any CPU
		{2AB08275-D5AA-4C81-8941-A0A6A82D5B70}.Debug|Any CPU.ActiveCfg = Debug|Any CPU
		{2AB08275-D5AA-4C81-8941-A0A6A82D5B70}.Debug|Any CPU.Build.0 = Debug|Any CPU
		{2AB08275-D5AA-4C81-8941-A0A6A82D5B70}.Release|Any CPU.ActiveCfg = Release|Any CPU
		{2AB08275-D5AA-4C81-8941-A0A6A82D5B70}.Release|Any CPU.Build.0 = Release|Any CPU
	EndGlobalSection
	GlobalSection(SolutionProperties) = preSolution
		HideSolutionNode = FALSE
	EndGlobalSection
	GlobalSection(NestedProjects) = preSolution
		{37A1CADF-81CD-45DC-B369-9882EA9A55B8} = {27ED783E-6AEE-4D11-B0E8-715DBDBD782D}
		{48E8E121-6E55-482B-ABD7-2D9F5811660B} = {9BBA9CC1-C277-4C81-A1CF-E819872CE908}
		{CB63E59E-6E24-4D7F-B5BA-FFCE38C086A6} = {37D2ABE1-5C51-489C-85E8-FA3F6B01ABB5}
		{3A035E8C-2923-4DBB-8C28-4D416BC15F05} = {20F9BD98-D9FC-4498-9912-3D8C7C333DDC}
		{A3641871-D016-4EAD-8DAA-CFF6BB00DF3D} = {20F9BD98-D9FC-4498-9912-3D8C7C333DDC}
		{647A5DF2-57CB-472C-8242-6207EA39E6A6} = {20F9BD98-D9FC-4498-9912-3D8C7C333DDC}
		{A3E57E19-21A4-49DA-9453-54FBAD99EE4D} = {37D2ABE1-5C51-489C-85E8-FA3F6B01ABB5}
		{FEF98203-8648-48A7-BACE-8C7364F468A3} = {971721C5-E5A0-4BB6-95CC-8E3371F9041D}
		{958C598B-A818-42F9-83C6-DFD764A2554B} = {971721C5-E5A0-4BB6-95CC-8E3371F9041D}
		{62EADD9B-D963-44AE-9FC5-2D4FFE61BEFE} = {37D2ABE1-5C51-489C-85E8-FA3F6B01ABB5}
		{6788B23A-9EC6-48DD-9431-23357E757D20} = {971721C5-E5A0-4BB6-95CC-8E3371F9041D}
		{8FD3981F-530C-4721-B5F1-576971075DA9} = {E762F5E7-0323-4066-ACB1-9E06DAB92F0F}
		{8FB46B00-8E8D-4AFC-8992-329D6E283CA5} = {9BBA9CC1-C277-4C81-A1CF-E819872CE908}
		{03445D0D-A27E-412F-B912-4BAE2362AE0D} = {E762F5E7-0323-4066-ACB1-9E06DAB92F0F}
		{76ECD6B6-31BF-49F5-B3F2-D73D1C40766C} = {971721C5-E5A0-4BB6-95CC-8E3371F9041D}
		{06BB78B4-F5E8-4DD5-A3C7-1A8164C98D6B} = {971721C5-E5A0-4BB6-95CC-8E3371F9041D}
		{C46E63B1-04D5-497C-B484-F9BE9906DE21} = {971721C5-E5A0-4BB6-95CC-8E3371F9041D}
		{A7A06911-1C9D-486B-9862-069B6C3F9668} = {971721C5-E5A0-4BB6-95CC-8E3371F9041D}
		{4C7472E4-E666-4E60-9C52-CEC99DCA58DE} = {971721C5-E5A0-4BB6-95CC-8E3371F9041D}
		{2AB08275-D5AA-4C81-8941-A0A6A82D5B70} = {971721C5-E5A0-4BB6-95CC-8E3371F9041D}
	EndGlobalSection
	GlobalSection(ExtensibilityGlobals) = postSolution
		SolutionGuid = {825D3F21-622C-46C4-BBF0-F7189C9520FC}
	EndGlobalSection
EndGlobal
