
Microsoft Visual Studio Solution File, Format Version 12.00
# Visual Studio 15
VisualStudioVersion = 15.0.28307.421
MinimumVisualStudioVersion = 10.0.40219.1
Project("{FAE04EC0-301F-11D3-BF4B-00C04F79EFBC}") = "CityWeather.Specs", "CityWeather.Specs\CityWeather.Specs.csproj", "{37A1CADF-81CD-45DC-B369-9882EA9A55B8}"
EndProject
Project("{FAE04EC0-301F-11D3-BF4B-00C04F79EFBC}") = "CityWeather.Api", "CityWeather.Api\CityWeather.Api.csproj", "{48E8E121-6E55-482B-ABD7-2D9F5811660B}"
EndProject
Project("{FAE04EC0-301F-11D3-BF4B-00C04F79EFBC}") = "CityWeather.Api.Tests", "CityWeather.Api.Tests\CityWeather.Api.Tests.csproj", "{CB63E59E-6E24-4D7F-B5BA-FFCE38C086A6}"
EndProject
Project("{FAE04EC0-301F-11D3-BF4B-00C04F79EFBC}") = "CityWeather.Data", "CityWeather.Data\CityWeather.Data.csproj", "{3A035E8C-2923-4DBB-8C28-4D416BC15F05}"
EndProject
Project("{FAE04EC0-301F-11D3-BF4B-00C04F79EFBC}") = "CityWeather.Data.Contracts", "CityWeather.Data.Contracts\CityWeather.Data.Contracts.csproj", "{A3641871-D016-4EAD-8DAA-CFF6BB00DF3D}"
EndProject
Project("{2150E333-8FDC-42A3-9474-1A3956D46DE8}") = "Data", "Data", "{20F9BD98-D9FC-4498-9912-3D8C7C333DDC}"
EndProject
Project("{2150E333-8FDC-42A3-9474-1A3956D46DE8}") = "Domain", "Domain", "{971721C5-E5A0-4BB6-95CC-8E3371F9041D}"
EndProject
Project("{2150E333-8FDC-42A3-9474-1A3956D46DE8}") = "Api", "Api", "{9BBA9CC1-C277-4C81-A1CF-E819872CE908}"
EndProject
Project("{2150E333-8FDC-42A3-9474-1A3956D46DE8}") = "Specifications", "Specifications", "{27ED783E-6AEE-4D11-B0E8-715DBDBD782D}"
EndProject
Project("{FAE04EC0-301F-11D3-BF4B-00C04F79EFBC}") = "CityWeather.Data.Entities", "CityWeather.Data.Models\CityWeather.Data.Entities.csproj", "{647A5DF2-57CB-472C-8242-6207EA39E6A6}"
EndProject
Project("{FAE04EC0-301F-11D3-BF4B-00C04F79EFBC}") = "CityWeather.Data.Tests", "CityWeather.Data.Tests\CityWeather.Data.Tests.csproj", "{A3E57E19-21A4-49DA-9453-54FBAD99EE4D}"
EndProject
Global
	GlobalSection(SolutionConfigurationPlatforms) = preSolution
		Debug|Any CPU = Debug|Any CPU
		Release|Any CPU = Release|Any CPU
	EndGlobalSection
	GlobalSection(ProjectConfigurationPlatforms) = postSolution
		{37A1CADF-81CD-45DC-B369-9882EA9A55B8}.Debug|Any CPU.ActiveCfg = Debug|Any CPU
		{37A1CADF-81CD-45DC-B369-9882EA9A55B8}.Debug|Any CPU.Build.0 = Debug|Any CPU
		{37A1CADF-81CD-45DC-B369-9882EA9A55B8}.Release|Any CPU.ActiveCfg = Release|Any CPU
		{37A1CADF-81CD-45DC-B369-9882EA9A55B8}.Release|Any CPU.Build.0 = Release|Any CPU
		{48E8E121-6E55-482B-ABD7-2D9F5811660B}.Debug|Any CPU.ActiveCfg = Debug|Any CPU
		{48E8E121-6E55-482B-ABD7-2D9F5811660B}.Debug|Any CPU.Build.0 = Debug|Any CPU
		{48E8E121-6E55-482B-ABD7-2D9F5811660B}.Release|Any CPU.ActiveCfg = Release|Any CPU
		{48E8E121-6E55-482B-ABD7-2D9F5811660B}.Release|Any CPU.Build.0 = Release|Any CPU
		{CB63E59E-6E24-4D7F-B5BA-FFCE38C086A6}.Debug|Any CPU.ActiveCfg = Debug|Any CPU
		{CB63E59E-6E24-4D7F-B5BA-FFCE38C086A6}.Debug|Any CPU.Build.0 = Debug|Any CPU
		{CB63E59E-6E24-4D7F-B5BA-FFCE38C086A6}.Release|Any CPU.ActiveCfg = Release|Any CPU
		{CB63E59E-6E24-4D7F-B5BA-FFCE38C086A6}.Release|Any CPU.Build.0 = Release|Any CPU
		{3A035E8C-2923-4DBB-8C28-4D416BC15F05}.Debug|Any CPU.ActiveCfg = Debug|Any CPU
		{3A035E8C-2923-4DBB-8C28-4D416BC15F05}.Debug|Any CPU.Build.0 = Debug|Any CPU
		{3A035E8C-2923-4DBB-8C28-4D416BC15F05}.Release|Any CPU.ActiveCfg = Release|Any CPU
		{3A035E8C-2923-4DBB-8C28-4D416BC15F05}.Release|Any CPU.Build.0 = Release|Any CPU
		{A3641871-D016-4EAD-8DAA-CFF6BB00DF3D}.Debug|Any CPU.ActiveCfg = Debug|Any CPU
		{A3641871-D016-4EAD-8DAA-CFF6BB00DF3D}.Debug|Any CPU.Build.0 = Debug|Any CPU
		{A3641871-D016-4EAD-8DAA-CFF6BB00DF3D}.Release|Any CPU.ActiveCfg = Release|Any CPU
		{A3641871-D016-4EAD-8DAA-CFF6BB00DF3D}.Release|Any CPU.Build.0 = Release|Any CPU
		{647A5DF2-57CB-472C-8242-6207EA39E6A6}.Debug|Any CPU.ActiveCfg = Debug|Any CPU
		{647A5DF2-57CB-472C-8242-6207EA39E6A6}.Debug|Any CPU.Build.0 = Debug|Any CPU
		{647A5DF2-57CB-472C-8242-6207EA39E6A6}.Release|Any CPU.ActiveCfg = Release|Any CPU
		{647A5DF2-57CB-472C-8242-6207EA39E6A6}.Release|Any CPU.Build.0 = Release|Any CPU
		{A3E57E19-21A4-49DA-9453-54FBAD99EE4D}.Debug|Any CPU.ActiveCfg = Debug|Any CPU
		{A3E57E19-21A4-49DA-9453-54FBAD99EE4D}.Debug|Any CPU.Build.0 = Debug|Any CPU
		{A3E57E19-21A4-49DA-9453-54FBAD99EE4D}.Release|Any CPU.ActiveCfg = Release|Any CPU
		{A3E57E19-21A4-49DA-9453-54FBAD99EE4D}.Release|Any CPU.Build.0 = Release|Any CPU
	EndGlobalSection
	GlobalSection(SolutionProperties) = preSolution
		HideSolutionNode = FALSE
	EndGlobalSection
	GlobalSection(NestedProjects) = preSolution
		{37A1CADF-81CD-45DC-B369-9882EA9A55B8} = {27ED783E-6AEE-4D11-B0E8-715DBDBD782D}
		{48E8E121-6E55-482B-ABD7-2D9F5811660B} = {9BBA9CC1-C277-4C81-A1CF-E819872CE908}
		{CB63E59E-6E24-4D7F-B5BA-FFCE38C086A6} = {9BBA9CC1-C277-4C81-A1CF-E819872CE908}
		{3A035E8C-2923-4DBB-8C28-4D416BC15F05} = {20F9BD98-D9FC-4498-9912-3D8C7C333DDC}
		{A3641871-D016-4EAD-8DAA-CFF6BB00DF3D} = {20F9BD98-D9FC-4498-9912-3D8C7C333DDC}
		{647A5DF2-57CB-472C-8242-6207EA39E6A6} = {20F9BD98-D9FC-4498-9912-3D8C7C333DDC}
		{A3E57E19-21A4-49DA-9453-54FBAD99EE4D} = {20F9BD98-D9FC-4498-9912-3D8C7C333DDC}
	EndGlobalSection
	GlobalSection(ExtensibilityGlobals) = postSolution
		SolutionGuid = {825D3F21-622C-46C4-BBF0-F7189C9520FC}
	EndGlobalSection
EndGlobal
